
Microsoft Visual Studio Solution File, Format Version 12.00
# Visual Studio Version 16
VisualStudioVersion = 16.0.30503.244
MinimumVisualStudioVersion = 10.0.40219.1
Project("{FAE04EC0-301F-11D3-BF4B-00C04F79EFBC}") = "Task1.MinimumNumber", "Task1.MinimumNumber\Task1.MinimumNumber.csproj", "{4A8062F8-63AF-4F22-B98C-CA90BC39BA10}"
EndProject
Project("{FAE04EC0-301F-11D3-BF4B-00C04F79EFBC}") = "Task2.NumberOfDigits", "Task2.NumberOfDigits\Task2.NumberOfDigits.csproj", "{D86FC49F-6109-40BB-B461-2614A2FEA850}"
EndProject
Project("{FAE04EC0-301F-11D3-BF4B-00C04F79EFBC}") = "Task3.SumOfOddPositiveNumbers", "Task3.SumOfOddPositiveNumbers\Task3.SumOfOddPositiveNumbers.csproj", "{78F0BC67-48B2-47F9-BC6A-1E5C359B1C03}"
EndProject
Project("{FAE04EC0-301F-11D3-BF4B-00C04F79EFBC}") = "Task4.CheckLoginAndPassword", "Task4.CheckLoginAndPassword\Task4.CheckLoginAndPassword.csproj", "{63F9345D-FA98-445F-A98A-40A4DE3690F1}"
EndProject
Project("{FAE04EC0-301F-11D3-BF4B-00C04F79EFBC}") = "Task5.BodyMassIndex", "Task5.BodyMassIndex\Task5.BodyMassIndex.csproj", "{42216278-23BE-497F-A016-2114E980BBBB}"
EndProject
Project("{FAE04EC0-301F-11D3-BF4B-00C04F79EFBC}") = "Task6.CountGoodNumbers", "Task6.CountGoodNumbers\Task6.CountGoodNumbers.csproj", "{C1364A0F-DD1B-4CFE-A781-7EF752AC7DFD}"
EndProject
Project("{FAE04EC0-301F-11D3-BF4B-00C04F79EFBC}") = "Task7.Recursion", "Task7.Recursion\Task7.Recursion.csproj", "{DDD40A95-B991-4630-AD32-84327F418638}"
EndProject
Global
	GlobalSection(SolutionConfigurationPlatforms) = preSolution
		Debug|Any CPU = Debug|Any CPU
		Release|Any CPU = Release|Any CPU
	EndGlobalSection
	GlobalSection(ProjectConfigurationPlatforms) = postSolution
		{4A8062F8-63AF-4F22-B98C-CA90BC39BA10}.Debug|Any CPU.ActiveCfg = Debug|Any CPU
		{4A8062F8-63AF-4F22-B98C-CA90BC39BA10}.Debug|Any CPU.Build.0 = Debug|Any CPU
		{4A8062F8-63AF-4F22-B98C-CA90BC39BA10}.Release|Any CPU.ActiveCfg = Release|Any CPU
		{4A8062F8-63AF-4F22-B98C-CA90BC39BA10}.Release|Any CPU.Build.0 = Release|Any CPU
		{D86FC49F-6109-40BB-B461-2614A2FEA850}.Debug|Any CPU.ActiveCfg = Debug|Any CPU
		{D86FC49F-6109-40BB-B461-2614A2FEA850}.Debug|Any CPU.Build.0 = Debug|Any CPU
		{D86FC49F-6109-40BB-B461-2614A2FEA850}.Release|Any CPU.ActiveCfg = Release|Any CPU
		{D86FC49F-6109-40BB-B461-2614A2FEA850}.Release|Any CPU.Build.0 = Release|Any CPU
		{78F0BC67-48B2-47F9-BC6A-1E5C359B1C03}.Debug|Any CPU.ActiveCfg = Debug|Any CPU
		{78F0BC67-48B2-47F9-BC6A-1E5C359B1C03}.Debug|Any CPU.Build.0 = Debug|Any CPU
		{78F0BC67-48B2-47F9-BC6A-1E5C359B1C03}.Release|Any CPU.ActiveCfg = Release|Any CPU
		{78F0BC67-48B2-47F9-BC6A-1E5C359B1C03}.Release|Any CPU.Build.0 = Release|Any CPU
		{63F9345D-FA98-445F-A98A-40A4DE3690F1}.Debug|Any CPU.ActiveCfg = Debug|Any CPU
		{63F9345D-FA98-445F-A98A-40A4DE3690F1}.Debug|Any CPU.Build.0 = Debug|Any CPU
		{63F9345D-FA98-445F-A98A-40A4DE3690F1}.Release|Any CPU.ActiveCfg = Release|Any CPU
		{63F9345D-FA98-445F-A98A-40A4DE3690F1}.Release|Any CPU.Build.0 = Release|Any CPU
		{42216278-23BE-497F-A016-2114E980BBBB}.Debug|Any CPU.ActiveCfg = Debug|Any CPU
		{42216278-23BE-497F-A016-2114E980BBBB}.Debug|Any CPU.Build.0 = Debug|Any CPU
		{42216278-23BE-497F-A016-2114E980BBBB}.Release|Any CPU.ActiveCfg = Release|Any CPU
		{42216278-23BE-497F-A016-2114E980BBBB}.Release|Any CPU.Build.0 = Release|Any CPU
		{C1364A0F-DD1B-4CFE-A781-7EF752AC7DFD}.Debug|Any CPU.ActiveCfg = Debug|Any CPU
		{C1364A0F-DD1B-4CFE-A781-7EF752AC7DFD}.Debug|Any CPU.Build.0 = Debug|Any CPU
		{C1364A0F-DD1B-4CFE-A781-7EF752AC7DFD}.Release|Any CPU.ActiveCfg = Release|Any CPU
		{C1364A0F-DD1B-4CFE-A781-7EF752AC7DFD}.Release|Any CPU.Build.0 = Release|Any CPU
		{DDD40A95-B991-4630-AD32-84327F418638}.Debug|Any CPU.ActiveCfg = Debug|Any CPU
		{DDD40A95-B991-4630-AD32-84327F418638}.Debug|Any CPU.Build.0 = Debug|Any CPU
		{DDD40A95-B991-4630-AD32-84327F418638}.Release|Any CPU.ActiveCfg = Release|Any CPU
		{DDD40A95-B991-4630-AD32-84327F418638}.Release|Any CPU.Build.0 = Release|Any CPU
	EndGlobalSection
	GlobalSection(SolutionProperties) = preSolution
		HideSolutionNode = FALSE
	EndGlobalSection
	GlobalSection(ExtensibilityGlobals) = postSolution
		SolutionGuid = {E53135E0-973A-461D-859E-A79E4E792D9B}
	EndGlobalSection
EndGlobal
